// !$*UTF8*$!
{
	archiveVersion = 1;
	classes = {
	};
	objectVersion = 50;
	objects = {

/* Begin PBXBuildFile section */
		830F06F325C07479002C2D4C /* LeetCode1128.swift in Sources */ = {isa = PBXBuildFile; fileRef = 830F06F225C07479002C2D4C /* LeetCode1128.swift */; };
		830F06F625C1CAA8002C2D4C /* LeetCode605.swift in Sources */ = {isa = PBXBuildFile; fileRef = 830F06F525C1CAA8002C2D4C /* LeetCode605.swift */; };
		830F06F925C1D2FC002C2D4C /* LeetCode724.swift in Sources */ = {isa = PBXBuildFile; fileRef = 830F06F825C1D2FC002C2D4C /* LeetCode724.swift */; };
		8312A67A25A21EE7003791FB /* LeetCode86.swift in Sources */ = {isa = PBXBuildFile; fileRef = 8312A67925A21EE7003791FB /* LeetCode86.swift */; };
		8312A67D25A367AB003791FB /* LeetCode509.swift in Sources */ = {isa = PBXBuildFile; fileRef = 8312A67C25A367AB003791FB /* LeetCode509.swift */; };
		8312A68025A60E70003791FB /* LeetCode399.swift in Sources */ = {isa = PBXBuildFile; fileRef = 8312A67F25A60E70003791FB /* LeetCode399.swift */; };
		8312A68325A8B572003791FB /* LeetCode189.swift in Sources */ = {isa = PBXBuildFile; fileRef = 8312A68225A8B572003791FB /* LeetCode189.swift */; };
		8312A6E925AB263D003791FB /* LeetCode228.swift in Sources */ = {isa = PBXBuildFile; fileRef = 8312A6E825AB263D003791FB /* LeetCode228.swift */; };
		8312A6EC25AB596B003791FB /* LeetCode09.swift in Sources */ = {isa = PBXBuildFile; fileRef = 8312A6EB25AB596B003791FB /* LeetCode09.swift */; };
		8316D4D025B7239F00F28EE2 /* LeetCode10.swift in Sources */ = {isa = PBXBuildFile; fileRef = 8316D4CF25B7239F00F28EE2 /* LeetCode10.swift */; };
		8316D4D325B725D700F28EE2 /* ArrayAbout.swift in Sources */ = {isa = PBXBuildFile; fileRef = 8316D4D225B725D700F28EE2 /* ArrayAbout.swift */; };
		8316D4D625B7B9EE00F28EE2 /* DictionaryAbout.swift in Sources */ = {isa = PBXBuildFile; fileRef = 8316D4D525B7B9EE00F28EE2 /* DictionaryAbout.swift */; };
		8316D4D925B88CF000F28EE2 /* LeetCode628.swift in Sources */ = {isa = PBXBuildFile; fileRef = 8316D4D825B88CF000F28EE2 /* LeetCode628.swift */; };
		8345097C25AF3B3B0023E750 /* LeetCode18.swift in Sources */ = {isa = PBXBuildFile; fileRef = 8345097B25AF3B3B0023E750 /* LeetCode18.swift */; };
		835C253425B5F00E00E56BAD /* LeetCode22.swift in Sources */ = {isa = PBXBuildFile; fileRef = 835C253325B5F00E00E56BAD /* LeetCode22.swift */; };
		8385C94725A4AB550016701F /* LeetCode830.swift in Sources */ = {isa = PBXBuildFile; fileRef = 8385C94625A4AB550016701F /* LeetCode830.swift */; };
		8385C94A25A4C2330016701F /* BubbleSort.swift in Sources */ = {isa = PBXBuildFile; fileRef = 8385C94925A4C2330016701F /* BubbleSort.swift */; };
		838DE4B925AE13660069C3CD /* LeetCode665.swift in Sources */ = {isa = PBXBuildFile; fileRef = 838DE4B825AE13660069C3CD /* LeetCode665.swift */; };
		8394712025ACA0850033B613 /* LeetCode13.swift in Sources */ = {isa = PBXBuildFile; fileRef = 8394711F25ACA0850033B613 /* LeetCode13.swift */; };
		83B8191C25C3DBAD00CC1C11 /* Demo.swift in Sources */ = {isa = PBXBuildFile; fileRef = 83B8191B25C3DBAD00CC1C11 /* Demo.swift */; };
		83B8192125C3E9C800CC1C11 /* RegExp.swift in Sources */ = {isa = PBXBuildFile; fileRef = 83B8192025C3E9C800CC1C11 /* RegExp.swift */; };
		83D371CC25B0A83C0043D91C /* LeetCode1018.swift in Sources */ = {isa = PBXBuildFile; fileRef = 83D371CB25B0A83C0043D91C /* LeetCode1018.swift */; };
		83D371CF25B1E8210043D91C /* LeetCode859.swift in Sources */ = {isa = PBXBuildFile; fileRef = 83D371CE25B1E8210043D91C /* LeetCode859.swift */; };
		83D371D625B2D6A70043D91C /* StringAbout.swift in Sources */ = {isa = PBXBuildFile; fileRef = 83D371D525B2D6A70043D91C /* StringAbout.swift */; };
		83D371D925B354060043D91C /* LeetCode1232.swift in Sources */ = {isa = PBXBuildFile; fileRef = 83D371D825B354060043D91C /* LeetCode1232.swift */; };
		83E81B1725B9D80000BAD198 /* LeetCode58.swift in Sources */ = {isa = PBXBuildFile; fileRef = 83E81B1625B9D80000BAD198 /* LeetCode58.swift */; };
		83E81B1A25B9DC2500BAD198 /* SetAbout.swift in Sources */ = {isa = PBXBuildFile; fileRef = 83E81B1925B9DC2500BAD198 /* SetAbout.swift */; };
		83E81B1D25BB32D100BAD198 /* LeetCode989.swift in Sources */ = {isa = PBXBuildFile; fileRef = 83E81B1C25BB32D100BAD198 /* LeetCode989.swift */; };
		83E81E6B25BC7BCB00BAD198 /* LeetCode414.swift in Sources */ = {isa = PBXBuildFile; fileRef = 83E81E6A25BC7BCB00BAD198 /* LeetCode414.swift */; };
		83F6159425C6FDDD0013C228 /* LeetCode206.swift in Sources */ = {isa = PBXBuildFile; fileRef = 83F6159325C6FDDD0013C228 /* LeetCode206.swift */; };
		83F6159825C6FE1E0013C228 /* ListNode.swift in Sources */ = {isa = PBXBuildFile; fileRef = 83F6159725C6FE1E0013C228 /* ListNode.swift */; };
		83F6159E25C98B860013C228 /* LeetCode141.swift in Sources */ = {isa = PBXBuildFile; fileRef = 83F6159D25C98B860013C228 /* LeetCode141.swift */; };
		83F615A125C991490013C228 /* LeetCode21.swift in Sources */ = {isa = PBXBuildFile; fileRef = 83F615A025C991490013C228 /* LeetCode21.swift */; };
		83F615A425C99B9E0013C228 /* LeetCode19.swift in Sources */ = {isa = PBXBuildFile; fileRef = 83F615A325C99B9E0013C228 /* LeetCode19.swift */; };
		83F615A725C99E200013C228 /* LeetCode876.swift in Sources */ = {isa = PBXBuildFile; fileRef = 83F615A625C99E200013C228 /* LeetCode876.swift */; };
		83F615AB25C9AD040013C228 /* LeetCode20.swift in Sources */ = {isa = PBXBuildFile; fileRef = 83F615AA25C9AD040013C228 /* LeetCode20.swift */; };
		83F615AE25CA2AF70013C228 /* LeetCode155.swift in Sources */ = {isa = PBXBuildFile; fileRef = 83F615AD25CA2AF70013C228 /* LeetCode155.swift */; };
		9E0AFC4524BDF1320075D556 /* main.swift in Sources */ = {isa = PBXBuildFile; fileRef = 9E0AFC4424BDF1320075D556 /* main.swift */; };
		9E0AFC4C24BDF2960075D556 /* LeetCode01.swift in Sources */ = {isa = PBXBuildFile; fileRef = 9E0AFC4B24BDF2960075D556 /* LeetCode01.swift */; };
		9E0AFC4E24BDF3F50075D556 /* LeetCode02.swift in Sources */ = {isa = PBXBuildFile; fileRef = 9E0AFC4D24BDF3F50075D556 /* LeetCode02.swift */; };
		9E0AFC5024BDF4900075D556 /* LeetCode03.swift in Sources */ = {isa = PBXBuildFile; fileRef = 9E0AFC4F24BDF4900075D556 /* LeetCode03.swift */; };
		9E0AFC5224BDFCA10075D556 /* LeetCode04.swift in Sources */ = {isa = PBXBuildFile; fileRef = 9E0AFC5124BDFCA10075D556 /* LeetCode04.swift */; };
/* End PBXBuildFile section */

/* Begin PBXCopyFilesBuildPhase section */
		9E0AFC3F24BDF1320075D556 /* CopyFiles */ = {
			isa = PBXCopyFilesBuildPhase;
			buildActionMask = 2147483647;
			dstPath = /usr/share/man/man1/;
			dstSubfolderSpec = 0;
			files = (
			);
			runOnlyForDeploymentPostprocessing = 1;
		};
/* End PBXCopyFilesBuildPhase section */

/* Begin PBXFileReference section */
		830F06F225C07479002C2D4C /* LeetCode1128.swift */ = {isa = PBXFileReference; lastKnownFileType = sourcecode.swift; path = LeetCode1128.swift; sourceTree = "<group>"; };
		830F06F525C1CAA8002C2D4C /* LeetCode605.swift */ = {isa = PBXFileReference; lastKnownFileType = sourcecode.swift; path = LeetCode605.swift; sourceTree = "<group>"; };
		830F06F825C1D2FC002C2D4C /* LeetCode724.swift */ = {isa = PBXFileReference; lastKnownFileType = sourcecode.swift; path = LeetCode724.swift; sourceTree = "<group>"; };
		8312A67925A21EE7003791FB /* LeetCode86.swift */ = {isa = PBXFileReference; lastKnownFileType = sourcecode.swift; path = LeetCode86.swift; sourceTree = "<group>"; };
		8312A67C25A367AB003791FB /* LeetCode509.swift */ = {isa = PBXFileReference; lastKnownFileType = sourcecode.swift; path = LeetCode509.swift; sourceTree = "<group>"; };
		8312A67F25A60E70003791FB /* LeetCode399.swift */ = {isa = PBXFileReference; lastKnownFileType = sourcecode.swift; path = LeetCode399.swift; sourceTree = "<group>"; };
		8312A68225A8B572003791FB /* LeetCode189.swift */ = {isa = PBXFileReference; lastKnownFileType = sourcecode.swift; path = LeetCode189.swift; sourceTree = "<group>"; };
		8312A6E825AB263D003791FB /* LeetCode228.swift */ = {isa = PBXFileReference; lastKnownFileType = sourcecode.swift; path = LeetCode228.swift; sourceTree = "<group>"; };
		8312A6EB25AB596B003791FB /* LeetCode09.swift */ = {isa = PBXFileReference; lastKnownFileType = sourcecode.swift; path = LeetCode09.swift; sourceTree = "<group>"; };
		8316D4CF25B7239F00F28EE2 /* LeetCode10.swift */ = {isa = PBXFileReference; lastKnownFileType = sourcecode.swift; path = LeetCode10.swift; sourceTree = "<group>"; };
		8316D4D225B725D700F28EE2 /* ArrayAbout.swift */ = {isa = PBXFileReference; lastKnownFileType = sourcecode.swift; path = ArrayAbout.swift; sourceTree = "<group>"; };
		8316D4D525B7B9EE00F28EE2 /* DictionaryAbout.swift */ = {isa = PBXFileReference; lastKnownFileType = sourcecode.swift; path = DictionaryAbout.swift; sourceTree = "<group>"; };
		8316D4D825B88CF000F28EE2 /* LeetCode628.swift */ = {isa = PBXFileReference; lastKnownFileType = sourcecode.swift; path = LeetCode628.swift; sourceTree = "<group>"; };
		8345097B25AF3B3B0023E750 /* LeetCode18.swift */ = {isa = PBXFileReference; lastKnownFileType = sourcecode.swift; path = LeetCode18.swift; sourceTree = "<group>"; };
		835C253325B5F00E00E56BAD /* LeetCode22.swift */ = {isa = PBXFileReference; lastKnownFileType = sourcecode.swift; path = LeetCode22.swift; sourceTree = "<group>"; };
		8385C94625A4AB550016701F /* LeetCode830.swift */ = {isa = PBXFileReference; lastKnownFileType = sourcecode.swift; path = LeetCode830.swift; sourceTree = "<group>"; };
		8385C94925A4C2330016701F /* BubbleSort.swift */ = {isa = PBXFileReference; lastKnownFileType = sourcecode.swift; path = BubbleSort.swift; sourceTree = "<group>"; };
		838DE4B825AE13660069C3CD /* LeetCode665.swift */ = {isa = PBXFileReference; lastKnownFileType = sourcecode.swift; path = LeetCode665.swift; sourceTree = "<group>"; };
		8394711F25ACA0850033B613 /* LeetCode13.swift */ = {isa = PBXFileReference; lastKnownFileType = sourcecode.swift; path = LeetCode13.swift; sourceTree = "<group>"; };
		83B8191B25C3DBAD00CC1C11 /* Demo.swift */ = {isa = PBXFileReference; lastKnownFileType = sourcecode.swift; path = Demo.swift; sourceTree = "<group>"; };
		83B8192025C3E9C800CC1C11 /* RegExp.swift */ = {isa = PBXFileReference; lastKnownFileType = sourcecode.swift; path = RegExp.swift; sourceTree = "<group>"; };
		83D371CB25B0A83C0043D91C /* LeetCode1018.swift */ = {isa = PBXFileReference; lastKnownFileType = sourcecode.swift; path = LeetCode1018.swift; sourceTree = "<group>"; };
		83D371CE25B1E8210043D91C /* LeetCode859.swift */ = {isa = PBXFileReference; lastKnownFileType = sourcecode.swift; path = LeetCode859.swift; sourceTree = "<group>"; };
		83D371D525B2D6A70043D91C /* StringAbout.swift */ = {isa = PBXFileReference; lastKnownFileType = sourcecode.swift; path = StringAbout.swift; sourceTree = "<group>"; };
		83D371D825B354060043D91C /* LeetCode1232.swift */ = {isa = PBXFileReference; lastKnownFileType = sourcecode.swift; path = LeetCode1232.swift; sourceTree = "<group>"; };
		83E81B1625B9D80000BAD198 /* LeetCode58.swift */ = {isa = PBXFileReference; lastKnownFileType = sourcecode.swift; path = LeetCode58.swift; sourceTree = "<group>"; };
		83E81B1925B9DC2500BAD198 /* SetAbout.swift */ = {isa = PBXFileReference; lastKnownFileType = sourcecode.swift; path = SetAbout.swift; sourceTree = "<group>"; };
		83E81B1C25BB32D100BAD198 /* LeetCode989.swift */ = {isa = PBXFileReference; lastKnownFileType = sourcecode.swift; path = LeetCode989.swift; sourceTree = "<group>"; };
		83E81E6A25BC7BCB00BAD198 /* LeetCode414.swift */ = {isa = PBXFileReference; lastKnownFileType = sourcecode.swift; path = LeetCode414.swift; sourceTree = "<group>"; };
		83F6159325C6FDDD0013C228 /* LeetCode206.swift */ = {isa = PBXFileReference; lastKnownFileType = sourcecode.swift; path = LeetCode206.swift; sourceTree = "<group>"; };
		83F6159725C6FE1E0013C228 /* ListNode.swift */ = {isa = PBXFileReference; lastKnownFileType = sourcecode.swift; path = ListNode.swift; sourceTree = "<group>"; };
		83F6159D25C98B860013C228 /* LeetCode141.swift */ = {isa = PBXFileReference; lastKnownFileType = sourcecode.swift; path = LeetCode141.swift; sourceTree = "<group>"; };
		83F615A025C991490013C228 /* LeetCode21.swift */ = {isa = PBXFileReference; lastKnownFileType = sourcecode.swift; path = LeetCode21.swift; sourceTree = "<group>"; };
		83F615A325C99B9E0013C228 /* LeetCode19.swift */ = {isa = PBXFileReference; lastKnownFileType = sourcecode.swift; path = LeetCode19.swift; sourceTree = "<group>"; };
		83F615A625C99E200013C228 /* LeetCode876.swift */ = {isa = PBXFileReference; lastKnownFileType = sourcecode.swift; path = LeetCode876.swift; sourceTree = "<group>"; };
		83F615AA25C9AD040013C228 /* LeetCode20.swift */ = {isa = PBXFileReference; lastKnownFileType = sourcecode.swift; path = LeetCode20.swift; sourceTree = "<group>"; };
		83F615AD25CA2AF70013C228 /* LeetCode155.swift */ = {isa = PBXFileReference; lastKnownFileType = sourcecode.swift; path = LeetCode155.swift; sourceTree = "<group>"; };
		9E0AFC4124BDF1320075D556 /* LeetCode */ = {isa = PBXFileReference; explicitFileType = "compiled.mach-o.executable"; includeInIndex = 0; path = LeetCode; sourceTree = BUILT_PRODUCTS_DIR; };
		9E0AFC4424BDF1320075D556 /* main.swift */ = {isa = PBXFileReference; lastKnownFileType = sourcecode.swift; path = main.swift; sourceTree = "<group>"; };
		9E0AFC4B24BDF2960075D556 /* LeetCode01.swift */ = {isa = PBXFileReference; lastKnownFileType = sourcecode.swift; path = LeetCode01.swift; sourceTree = "<group>"; };
		9E0AFC4D24BDF3F50075D556 /* LeetCode02.swift */ = {isa = PBXFileReference; lastKnownFileType = sourcecode.swift; path = LeetCode02.swift; sourceTree = "<group>"; };
		9E0AFC4F24BDF4900075D556 /* LeetCode03.swift */ = {isa = PBXFileReference; lastKnownFileType = sourcecode.swift; path = LeetCode03.swift; sourceTree = "<group>"; };
		9E0AFC5124BDFCA10075D556 /* LeetCode04.swift */ = {isa = PBXFileReference; lastKnownFileType = sourcecode.swift; path = LeetCode04.swift; sourceTree = "<group>"; };
/* End PBXFileReference section */

/* Begin PBXFrameworksBuildPhase section */
		9E0AFC3E24BDF1320075D556 /* Frameworks */ = {
			isa = PBXFrameworksBuildPhase;
			buildActionMask = 2147483647;
			files = (
			);
			runOnlyForDeploymentPostprocessing = 0;
		};
/* End PBXFrameworksBuildPhase section */

/* Begin PBXGroup section */
		83B8191A25C3DBA100CC1C11 /* Demo */ = {
			isa = PBXGroup;
			children = (
				83B8191B25C3DBAD00CC1C11 /* Demo.swift */,
			);
			path = Demo;
			sourceTree = "<group>";
		};
		83B8191F25C3E9B000CC1C11 /* RegExp */ = {
			isa = PBXGroup;
			children = (
				83B8192025C3E9C800CC1C11 /* RegExp.swift */,
			);
			path = RegExp;
			sourceTree = "<group>";
		};
		83D371D225B2D66B0043D91C /* LeetCode */ = {
			isa = PBXGroup;
			children = (
				9E0AFC4B24BDF2960075D556 /* LeetCode01.swift */,
				9E0AFC4D24BDF3F50075D556 /* LeetCode02.swift */,
				9E0AFC4F24BDF4900075D556 /* LeetCode03.swift */,
				9E0AFC5124BDFCA10075D556 /* LeetCode04.swift */,
				8312A6EB25AB596B003791FB /* LeetCode09.swift */,
				8316D4CF25B7239F00F28EE2 /* LeetCode10.swift */,
				8394711F25ACA0850033B613 /* LeetCode13.swift */,
				8345097B25AF3B3B0023E750 /* LeetCode18.swift */,
				83F615A325C99B9E0013C228 /* LeetCode19.swift */,
				83F615AA25C9AD040013C228 /* LeetCode20.swift */,
				83F615A025C991490013C228 /* LeetCode21.swift */,
				835C253325B5F00E00E56BAD /* LeetCode22.swift */,
				83E81B1625B9D80000BAD198 /* LeetCode58.swift */,
				8312A67925A21EE7003791FB /* LeetCode86.swift */,
				83F6159D25C98B860013C228 /* LeetCode141.swift */,
				83F615AD25CA2AF70013C228 /* LeetCode155.swift */,
				8312A68225A8B572003791FB /* LeetCode189.swift */,
				83F6159325C6FDDD0013C228 /* LeetCode206.swift */,
				8312A6E825AB263D003791FB /* LeetCode228.swift */,
				8312A67F25A60E70003791FB /* LeetCode399.swift */,
				83E81E6A25BC7BCB00BAD198 /* LeetCode414.swift */,
				8312A67C25A367AB003791FB /* LeetCode509.swift */,
				830F06F525C1CAA8002C2D4C /* LeetCode605.swift */,
				8316D4D825B88CF000F28EE2 /* LeetCode628.swift */,
				838DE4B825AE13660069C3CD /* LeetCode665.swift */,
				830F06F825C1D2FC002C2D4C /* LeetCode724.swift */,
				8385C94625A4AB550016701F /* LeetCode830.swift */,
				83D371CE25B1E8210043D91C /* LeetCode859.swift */,
				83F615A625C99E200013C228 /* LeetCode876.swift */,
				83E81B1C25BB32D100BAD198 /* LeetCode989.swift */,
				83D371CB25B0A83C0043D91C /* LeetCode1018.swift */,
				830F06F225C07479002C2D4C /* LeetCode1128.swift */,
				83D371D825B354060043D91C /* LeetCode1232.swift */,
			);
			path = LeetCode;
			sourceTree = "<group>";
		};
		83D371D325B2D67F0043D91C /* Sort */ = {
			isa = PBXGroup;
			children = (
				8385C94925A4C2330016701F /* BubbleSort.swift */,
			);
			path = Sort;
			sourceTree = "<group>";
		};
		83D371D425B2D6890043D91C /* SwiftAlgorithm */ = {
			isa = PBXGroup;
			children = (
				83D371D525B2D6A70043D91C /* StringAbout.swift */,
				8316D4D225B725D700F28EE2 /* ArrayAbout.swift */,
				8316D4D525B7B9EE00F28EE2 /* DictionaryAbout.swift */,
				83E81B1925B9DC2500BAD198 /* SetAbout.swift */,
			);
			path = SwiftAlgorithm;
			sourceTree = "<group>";
		};
		83F6159625C6FDE60013C228 /* DataStructure */ = {
			isa = PBXGroup;
			children = (
				83F6159725C6FE1E0013C228 /* ListNode.swift */,
			);
			path = DataStructure;
			sourceTree = "<group>";
		};
		9E0AFC3824BDF1320075D556 = {
			isa = PBXGroup;
			children = (
				9E0AFC4324BDF1320075D556 /* LeetCode */,
				9E0AFC4224BDF1320075D556 /* Products */,
			);
			sourceTree = "<group>";
		};
		9E0AFC4224BDF1320075D556 /* Products */ = {
			isa = PBXGroup;
			children = (
				9E0AFC4124BDF1320075D556 /* LeetCode */,
			);
			name = Products;
			sourceTree = "<group>";
		};
		9E0AFC4324BDF1320075D556 /* LeetCode */ = {
			isa = PBXGroup;
			children = (
				83F6159625C6FDE60013C228 /* DataStructure */,
				9E0AFC4424BDF1320075D556 /* main.swift */,
				83B8191F25C3E9B000CC1C11 /* RegExp */,
				83B8191A25C3DBA100CC1C11 /* Demo */,
				83D371D425B2D6890043D91C /* SwiftAlgorithm */,
				83D371D225B2D66B0043D91C /* LeetCode */,
				83D371D325B2D67F0043D91C /* Sort */,
			);
			path = LeetCode;
			sourceTree = "<group>";
		};
/* End PBXGroup section */

/* Begin PBXNativeTarget section */
		9E0AFC4024BDF1320075D556 /* LeetCode */ = {
			isa = PBXNativeTarget;
			buildConfigurationList = 9E0AFC4824BDF1320075D556 /* Build configuration list for PBXNativeTarget "LeetCode" */;
			buildPhases = (
				9E0AFC3D24BDF1320075D556 /* Sources */,
				9E0AFC3E24BDF1320075D556 /* Frameworks */,
				9E0AFC3F24BDF1320075D556 /* CopyFiles */,
			);
			buildRules = (
			);
			dependencies = (
			);
			name = LeetCode;
			productName = LeetCode;
			productReference = 9E0AFC4124BDF1320075D556 /* LeetCode */;
			productType = "com.apple.product-type.tool";
		};
/* End PBXNativeTarget section */

/* Begin PBXProject section */
		9E0AFC3924BDF1320075D556 /* Project object */ = {
			isa = PBXProject;
			attributes = {
				LastSwiftUpdateCheck = 1150;
				LastUpgradeCheck = 1150;
				ORGANIZATIONNAME = liangqili.com;
				TargetAttributes = {
					9E0AFC4024BDF1320075D556 = {
						CreatedOnToolsVersion = 11.5;
					};
				};
			};
			buildConfigurationList = 9E0AFC3C24BDF1320075D556 /* Build configuration list for PBXProject "LeetCode" */;
			compatibilityVersion = "Xcode 9.3";
			developmentRegion = en;
			hasScannedForEncodings = 0;
			knownRegions = (
				en,
				Base,
			);
			mainGroup = 9E0AFC3824BDF1320075D556;
			productRefGroup = 9E0AFC4224BDF1320075D556 /* Products */;
			projectDirPath = "";
			projectRoot = "";
			targets = (
				9E0AFC4024BDF1320075D556 /* LeetCode */,
			);
		};
/* End PBXProject section */

/* Begin PBXSourcesBuildPhase section */
		9E0AFC3D24BDF1320075D556 /* Sources */ = {
			isa = PBXSourcesBuildPhase;
			buildActionMask = 2147483647;
			files = (
				8394712025ACA0850033B613 /* LeetCode13.swift in Sources */,
				835C253425B5F00E00E56BAD /* LeetCode22.swift in Sources */,
				83F615A425C99B9E0013C228 /* LeetCode19.swift in Sources */,
				83B8192125C3E9C800CC1C11 /* RegExp.swift in Sources */,
				83F615AE25CA2AF70013C228 /* LeetCode155.swift in Sources */,
				8316D4D325B725D700F28EE2 /* ArrayAbout.swift in Sources */,
				83E81B1D25BB32D100BAD198 /* LeetCode989.swift in Sources */,
				83F6159425C6FDDD0013C228 /* LeetCode206.swift in Sources */,
				83E81B1725B9D80000BAD198 /* LeetCode58.swift in Sources */,
				83D371D625B2D6A70043D91C /* StringAbout.swift in Sources */,
				8316D4D025B7239F00F28EE2 /* LeetCode10.swift in Sources */,
				838DE4B925AE13660069C3CD /* LeetCode665.swift in Sources */,
				8312A68325A8B572003791FB /* LeetCode189.swift in Sources */,
				83D371CF25B1E8210043D91C /* LeetCode859.swift in Sources */,
				83F6159E25C98B860013C228 /* LeetCode141.swift in Sources */,
				8316D4D925B88CF000F28EE2 /* LeetCode628.swift in Sources */,
				8312A67A25A21EE7003791FB /* LeetCode86.swift in Sources */,
				9E0AFC4E24BDF3F50075D556 /* LeetCode02.swift in Sources */,
				83F615AB25C9AD040013C228 /* LeetCode20.swift in Sources */,
				9E0AFC4524BDF1320075D556 /* main.swift in Sources */,
				830F06F925C1D2FC002C2D4C /* LeetCode724.swift in Sources */,
				83D371CC25B0A83C0043D91C /* LeetCode1018.swift in Sources */,
				83F615A125C991490013C228 /* LeetCode21.swift in Sources */,
				8312A67D25A367AB003791FB /* LeetCode509.swift in Sources */,
				8385C94725A4AB550016701F /* LeetCode830.swift in Sources */,
				83E81B1A25B9DC2500BAD198 /* SetAbout.swift in Sources */,
				9E0AFC4C24BDF2960075D556 /* LeetCode01.swift in Sources */,
				8345097C25AF3B3B0023E750 /* LeetCode18.swift in Sources */,
				9E0AFC5024BDF4900075D556 /* LeetCode03.swift in Sources */,
				8316D4D625B7B9EE00F28EE2 /* DictionaryAbout.swift in Sources */,
				8312A6E925AB263D003791FB /* LeetCode228.swift in Sources */,
				83F6159825C6FE1E0013C228 /* ListNode.swift in Sources */,
				830F06F625C1CAA8002C2D4C /* LeetCode605.swift in Sources */,
				8312A6EC25AB596B003791FB /* LeetCode09.swift in Sources */,
				83B8191C25C3DBAD00CC1C11 /* Demo.swift in Sources */,
				83F615A725C99E200013C228 /* LeetCode876.swift in Sources */,
				830F06F325C07479002C2D4C /* LeetCode1128.swift in Sources */,
				83E81E6B25BC7BCB00BAD198 /* LeetCode414.swift in Sources */,
				8312A68025A60E70003791FB /* LeetCode399.swift in Sources */,
				9E0AFC5224BDFCA10075D556 /* LeetCode04.swift in Sources */,
				83D371D925B354060043D91C /* LeetCode1232.swift in Sources */,
				8385C94A25A4C2330016701F /* BubbleSort.swift in Sources */,
			);
			runOnlyForDeploymentPostprocessing = 0;
		};
/* End PBXSourcesBuildPhase section */

/* Begin XCBuildConfiguration section */
		9E0AFC4624BDF1320075D556 /* Debug */ = {
			isa = XCBuildConfiguration;
			buildSettings = {
				ALWAYS_SEARCH_USER_PATHS = NO;
				CLANG_ANALYZER_NONNULL = YES;
				CLANG_ANALYZER_NUMBER_OBJECT_CONVERSION = YES_AGGRESSIVE;
				CLANG_CXX_LANGUAGE_STANDARD = "gnu++14";
				CLANG_CXX_LIBRARY = "libc++";
				CLANG_ENABLE_MODULES = YES;
				CLANG_ENABLE_OBJC_ARC = YES;
				CLANG_ENABLE_OBJC_WEAK = YES;
				CLANG_WARN_BLOCK_CAPTURE_AUTORELEASING = YES;
				CLANG_WARN_BOOL_CONVERSION = YES;
				CLANG_WARN_COMMA = YES;
				CLANG_WARN_CONSTANT_CONVERSION = YES;
				CLANG_WARN_DEPRECATED_OBJC_IMPLEMENTATIONS = YES;
				CLANG_WARN_DIRECT_OBJC_ISA_USAGE = YES_ERROR;
				CLANG_WARN_DOCUMENTATION_COMMENTS = YES;
				CLANG_WARN_EMPTY_BODY = YES;
				CLANG_WARN_ENUM_CONVERSION = YES;
				CLANG_WARN_INFINITE_RECURSION = YES;
				CLANG_WARN_INT_CONVERSION = YES;
				CLANG_WARN_NON_LITERAL_NULL_CONVERSION = YES;
				CLANG_WARN_OBJC_IMPLICIT_RETAIN_SELF = YES;
				CLANG_WARN_OBJC_LITERAL_CONVERSION = YES;
				CLANG_WARN_OBJC_ROOT_CLASS = YES_ERROR;
				CLANG_WARN_RANGE_LOOP_ANALYSIS = YES;
				CLANG_WARN_STRICT_PROTOTYPES = YES;
				CLANG_WARN_SUSPICIOUS_MOVE = YES;
				CLANG_WARN_UNGUARDED_AVAILABILITY = YES_AGGRESSIVE;
				CLANG_WARN_UNREACHABLE_CODE = YES;
				CLANG_WARN__DUPLICATE_METHOD_MATCH = YES;
				COPY_PHASE_STRIP = NO;
				DEBUG_INFORMATION_FORMAT = dwarf;
				ENABLE_STRICT_OBJC_MSGSEND = YES;
				ENABLE_TESTABILITY = YES;
				GCC_C_LANGUAGE_STANDARD = gnu11;
				GCC_DYNAMIC_NO_PIC = NO;
				GCC_NO_COMMON_BLOCKS = YES;
				GCC_OPTIMIZATION_LEVEL = 0;
				GCC_PREPROCESSOR_DEFINITIONS = (
					"DEBUG=1",
					"$(inherited)",
				);
				GCC_WARN_64_TO_32_BIT_CONVERSION = YES;
				GCC_WARN_ABOUT_RETURN_TYPE = YES_ERROR;
				GCC_WARN_UNDECLARED_SELECTOR = YES;
				GCC_WARN_UNINITIALIZED_AUTOS = YES_AGGRESSIVE;
				GCC_WARN_UNUSED_FUNCTION = YES;
				GCC_WARN_UNUSED_VARIABLE = YES;
				MACOSX_DEPLOYMENT_TARGET = 10.16;
				MTL_ENABLE_DEBUG_INFO = INCLUDE_SOURCE;
				MTL_FAST_MATH = YES;
				ONLY_ACTIVE_ARCH = YES;
				SDKROOT = macosx;
				SWIFT_ACTIVE_COMPILATION_CONDITIONS = DEBUG;
				SWIFT_OPTIMIZATION_LEVEL = "-Onone";
			};
			name = Debug;
		};
		9E0AFC4724BDF1320075D556 /* Release */ = {
			isa = XCBuildConfiguration;
			buildSettings = {
				ALWAYS_SEARCH_USER_PATHS = NO;
				CLANG_ANALYZER_NONNULL = YES;
				CLANG_ANALYZER_NUMBER_OBJECT_CONVERSION = YES_AGGRESSIVE;
				CLANG_CXX_LANGUAGE_STANDARD = "gnu++14";
				CLANG_CXX_LIBRARY = "libc++";
				CLANG_ENABLE_MODULES = YES;
				CLANG_ENABLE_OBJC_ARC = YES;
				CLANG_ENABLE_OBJC_WEAK = YES;
				CLANG_WARN_BLOCK_CAPTURE_AUTORELEASING = YES;
				CLANG_WARN_BOOL_CONVERSION = YES;
				CLANG_WARN_COMMA = YES;
				CLANG_WARN_CONSTANT_CONVERSION = YES;
				CLANG_WARN_DEPRECATED_OBJC_IMPLEMENTATIONS = YES;
				CLANG_WARN_DIRECT_OBJC_ISA_USAGE = YES_ERROR;
				CLANG_WARN_DOCUMENTATION_COMMENTS = YES;
				CLANG_WARN_EMPTY_BODY = YES;
				CLANG_WARN_ENUM_CONVERSION = YES;
				CLANG_WARN_INFINITE_RECURSION = YES;
				CLANG_WARN_INT_CONVERSION = YES;
				CLANG_WARN_NON_LITERAL_NULL_CONVERSION = YES;
				CLANG_WARN_OBJC_IMPLICIT_RETAIN_SELF = YES;
				CLANG_WARN_OBJC_LITERAL_CONVERSION = YES;
				CLANG_WARN_OBJC_ROOT_CLASS = YES_ERROR;
				CLANG_WARN_RANGE_LOOP_ANALYSIS = YES;
				CLANG_WARN_STRICT_PROTOTYPES = YES;
				CLANG_WARN_SUSPICIOUS_MOVE = YES;
				CLANG_WARN_UNGUARDED_AVAILABILITY = YES_AGGRESSIVE;
				CLANG_WARN_UNREACHABLE_CODE = YES;
				CLANG_WARN__DUPLICATE_METHOD_MATCH = YES;
				COPY_PHASE_STRIP = NO;
				DEBUG_INFORMATION_FORMAT = "dwarf-with-dsym";
				ENABLE_NS_ASSERTIONS = NO;
				ENABLE_STRICT_OBJC_MSGSEND = YES;
				GCC_C_LANGUAGE_STANDARD = gnu11;
				GCC_NO_COMMON_BLOCKS = YES;
				GCC_WARN_64_TO_32_BIT_CONVERSION = YES;
				GCC_WARN_ABOUT_RETURN_TYPE = YES_ERROR;
				GCC_WARN_UNDECLARED_SELECTOR = YES;
				GCC_WARN_UNINITIALIZED_AUTOS = YES_AGGRESSIVE;
				GCC_WARN_UNUSED_FUNCTION = YES;
				GCC_WARN_UNUSED_VARIABLE = YES;
				MACOSX_DEPLOYMENT_TARGET = 10.16;
				MTL_ENABLE_DEBUG_INFO = NO;
				MTL_FAST_MATH = YES;
				SDKROOT = macosx;
				SWIFT_COMPILATION_MODE = wholemodule;
				SWIFT_OPTIMIZATION_LEVEL = "-O";
			};
			name = Release;
		};
		9E0AFC4924BDF1320075D556 /* Debug */ = {
			isa = XCBuildConfiguration;
			buildSettings = {
				CODE_SIGN_STYLE = Automatic;
				DEVELOPMENT_TEAM = A572RLB7UB;
				ENABLE_HARDENED_RUNTIME = YES;
				PRODUCT_NAME = "$(TARGET_NAME)";
				SWIFT_VERSION = 5.0;
			};
			name = Debug;
		};
		9E0AFC4A24BDF1320075D556 /* Release */ = {
			isa = XCBuildConfiguration;
			buildSettings = {
				CODE_SIGN_STYLE = Automatic;
				DEVELOPMENT_TEAM = A572RLB7UB;
				ENABLE_HARDENED_RUNTIME = YES;
				PRODUCT_NAME = "$(TARGET_NAME)";
				SWIFT_VERSION = 5.0;
			};
			name = Release;
		};
/* End XCBuildConfiguration section */

/* Begin XCConfigurationList section */
		9E0AFC3C24BDF1320075D556 /* Build configuration list for PBXProject "LeetCode" */ = {
			isa = XCConfigurationList;
			buildConfigurations = (
				9E0AFC4624BDF1320075D556 /* Debug */,
				9E0AFC4724BDF1320075D556 /* Release */,
			);
			defaultConfigurationIsVisible = 0;
			defaultConfigurationName = Release;
		};
		9E0AFC4824BDF1320075D556 /* Build configuration list for PBXNativeTarget "LeetCode" */ = {
			isa = XCConfigurationList;
			buildConfigurations = (
				9E0AFC4924BDF1320075D556 /* Debug */,
				9E0AFC4A24BDF1320075D556 /* Release */,
			);
			defaultConfigurationIsVisible = 0;
			defaultConfigurationName = Release;
		};
/* End XCConfigurationList section */
	};
	rootObject = 9E0AFC3924BDF1320075D556 /* Project object */;
}
